{
  "name": "portal-ui",
  "version": "1.0.0",
  "lockfileVersion": 3,
  "requires": true,
  "packages": {
    "": {
      "name": "portal-ui",
      "version": "1.0.0",
      "license": "ISC",
      "dependencies": {
        "@fluentui/react-components": "^9.46.8",
        "@fluentui/react-icons": "^2.0.232",
        "@types/react": "^18",
        "next": "14.1.3",
        "next-auth": "^4.24.7",
        "react": "^18"
      }
    },
    "../../node_modules/.pnpm/@fluentui+react-components@9.46.8_@types+react-dom@18.2.21_@types+react@18.2.64_react-dom@18._j3emuk7o6goembgsx43eybimge/node_modules/@fluentui/react-components": {
      "version": "9.46.8",
      "license": "MIT",
      "dependencies": {
        "@fluentui/react-accordion": "^9.3.44",
        "@fluentui/react-alert": "9.0.0-beta.112",
        "@fluentui/react-aria": "^9.10.0",
        "@fluentui/react-avatar": "^9.6.17",
        "@fluentui/react-badge": "^9.2.27",
        "@fluentui/react-breadcrumb": "^9.0.17",
        "@fluentui/react-button": "^9.3.71",
        "@fluentui/react-card": "^9.0.70",
        "@fluentui/react-checkbox": "^9.2.15",
        "@fluentui/react-combobox": "^9.9.1",
        "@fluentui/react-dialog": "^9.9.13",
        "@fluentui/react-divider": "^9.2.63",
        "@fluentui/react-drawer": "^9.1.7",
        "@fluentui/react-field": "^9.1.56",
        "@fluentui/react-image": "^9.1.60",
        "@fluentui/react-infobutton": "9.0.0-beta.96",
        "@fluentui/react-infolabel": "^9.0.24",
        "@fluentui/react-input": "^9.4.66",
        "@fluentui/react-label": "^9.1.64",
        "@fluentui/react-link": "^9.2.13",
        "@fluentui/react-menu": "^9.13.2",
        "@fluentui/react-message-bar": "^9.0.22",
        "@fluentui/react-overflow": "^9.1.13",
        "@fluentui/react-persona": "^9.2.76",
        "@fluentui/react-popover": "^9.9.0",
        "@fluentui/react-portal": "^9.4.16",
        "@fluentui/react-positioning": "^9.14.0",
        "@fluentui/react-progress": "^9.1.66",
        "@fluentui/react-provider": "^9.13.14",
        "@fluentui/react-radio": "^9.2.10",
        "@fluentui/react-select": "^9.1.66",
        "@fluentui/react-shared-contexts": "^9.15.0",
        "@fluentui/react-skeleton": "^9.0.54",
        "@fluentui/react-slider": "^9.1.72",
        "@fluentui/react-spinbutton": "^9.2.66",
        "@fluentui/react-spinner": "^9.4.0",
        "@fluentui/react-switch": "^9.1.72",
        "@fluentui/react-table": "^9.11.13",
        "@fluentui/react-tabs": "^9.4.12",
        "@fluentui/react-tabster": "^9.19.3",
        "@fluentui/react-tags": "^9.1.1",
        "@fluentui/react-text": "^9.4.12",
        "@fluentui/react-textarea": "^9.3.66",
        "@fluentui/react-theme": "^9.1.17",
        "@fluentui/react-toast": "^9.3.33",
        "@fluentui/react-toolbar": "^9.1.73",
        "@fluentui/react-tooltip": "^9.4.19",
        "@fluentui/react-tree": "^9.4.33",
        "@fluentui/react-utilities": "^9.18.3",
        "@fluentui/react-virtualizer": "9.0.0-alpha.71",
        "@griffel/react": "^1.5.14",
        "@swc/helpers": "^0.5.1"
      },
      "devDependencies": {
        "@fluentui/eslint-plugin": "*",
        "@fluentui/scripts-api-extractor": "*",
        "@fluentui/scripts-tasks": "*",
        "react-hook-form": "^5.7.2"
      },
      "peerDependencies": {
        "@types/react": ">=16.14.0 <19.0.0",
        "@types/react-dom": ">=16.9.0 <19.0.0",
        "react": ">=16.14.0 <19.0.0",
        "react-dom": ">=16.14.0 <19.0.0"
      }
    },
    "../../node_modules/.pnpm/@types+react@18.2.64/node_modules/@types/react": {
      "version": "18.2.64",
      "license": "MIT",
      "dependencies": {
        "@types/prop-types": "*",
        "@types/scheduler": "*",
        "csstype": "^3.0.2"
      }
    },
    "../../node_modules/.pnpm/next-auth@4.24.7_next@14.1.3_react-dom@18.2.0_react@18.2.0/node_modules/next-auth": {
      "version": "4.24.7",
      "license": "ISC",
      "dependencies": {
        "@babel/runtime": "^7.20.13",
        "@panva/hkdf": "^1.0.2",
        "cookie": "^0.5.0",
        "jose": "^4.15.5",
        "oauth": "^0.9.15",
        "openid-client": "^5.4.0",
        "preact": "^10.6.3",
        "preact-render-to-string": "^5.1.19",
        "uuid": "^8.3.2"
      },
      "devDependencies": {
        "@babel/cli": "^7.17.10",
        "@babel/core": "^7.18.2",
        "@babel/plugin-proposal-optional-catch-binding": "^7.16.7",
        "@babel/plugin-transform-runtime": "^7.18.2",
        "@babel/preset-env": "^7.18.2",
        "@babel/preset-react": "^7.17.12",
        "@babel/preset-typescript": "^7.17.12",
        "@edge-runtime/jest-environment": "1.1.0-beta.35",
        "@next-auth/tsconfig": "0.0.0",
        "@swc/core": "^1.2.198",
        "@swc/jest": "^0.2.21",
        "@testing-library/dom": "^8.13.0",
        "@testing-library/jest-dom": "^5.16.4",
        "@testing-library/react": "^13.3.0",
        "@testing-library/react-hooks": "^8.0.0",
        "@testing-library/user-event": "^14.2.0",
        "@types/jest": "^28.1.3",
        "@types/node": "^17.0.42",
        "@types/nodemailer": "^6.4.6",
        "@types/oauth": "^0.9.1",
        "@types/react": "18.0.37",
        "@types/react-dom": "^18.0.6",
        "autoprefixer": "^10.4.7",
        "babel-plugin-jsx-pragmatic": "^1.0.2",
        "babel-preset-preact": "^2.0.0",
        "concurrently": "^7",
        "cssnano": "^5.1.11",
        "jest": "^28.1.1",
        "jest-environment-jsdom": "^28.1.1",
        "jest-watch-typeahead": "^1.1.0",
        "msw": "^0.42.3",
        "next": "13.3.0",
        "postcss": "^8.4.14",
        "postcss-cli": "^9.1.0",
        "postcss-nested": "^5.0.6",
        "react": "^18",
        "react-dom": "^18",
        "whatwg-fetch": "^3.6.2"
      },
      "peerDependencies": {
        "next": "^12.2.5 || ^13 || ^14",
        "nodemailer": "^6.6.5",
        "react": "^17.0.2 || ^18",
        "react-dom": "^17.0.2 || ^18"
      },
      "peerDependenciesMeta": {
        "nodemailer": {
          "optional": true
        }
      }
    },
    "../../node_modules/.pnpm/next@14.1.3_@babel+core@7.24.0_react-dom@18.2.0_react@18.2.0/node_modules/next": {
      "version": "14.1.3",
      "license": "MIT",
      "dependencies": {
        "@next/env": "14.1.3",
        "@swc/helpers": "0.5.2",
        "busboy": "1.6.0",
        "caniuse-lite": "^1.0.30001579",
        "graceful-fs": "^4.2.11",
        "postcss": "8.4.31",
        "styled-jsx": "5.1.1"
      },
      "bin": {
        "next": "dist/bin/next"
      },
      "devDependencies": {
        "@ampproject/toolbox-optimizer": "2.8.3",
        "@babel/code-frame": "7.22.5",
        "@babel/core": "7.22.5",
        "@babel/eslint-parser": "7.22.5",
        "@babel/generator": "7.22.5",
        "@babel/plugin-proposal-class-properties": "7.18.6",
        "@babel/plugin-proposal-export-namespace-from": "7.18.9",
        "@babel/plugin-proposal-numeric-separator": "7.18.6",
        "@babel/plugin-proposal-object-rest-spread": "7.20.7",
        "@babel/plugin-syntax-bigint": "7.8.3",
        "@babel/plugin-syntax-dynamic-import": "7.8.3",
        "@babel/plugin-syntax-import-assertions": "7.22.5",
        "@babel/plugin-syntax-jsx": "7.22.5",
        "@babel/plugin-transform-modules-commonjs": "7.22.5",
        "@babel/plugin-transform-runtime": "7.22.5",
        "@babel/preset-env": "7.22.5",
        "@babel/preset-react": "7.22.5",
        "@babel/preset-typescript": "7.22.5",
        "@babel/runtime": "7.22.5",
        "@babel/traverse": "7.22.5",
        "@babel/types": "7.22.5",
        "@capsizecss/metrics": "1.1.0",
        "@edge-runtime/cookies": "4.1.0",
        "@edge-runtime/ponyfill": "2.4.2",
        "@edge-runtime/primitives": "4.1.0",
        "@hapi/accept": "5.0.2",
        "@jest/transform": "29.5.0",
        "@jest/types": "29.5.0",
        "@mswjs/interceptors": "0.23.0",
        "@napi-rs/cli": "2.16.2",
        "@napi-rs/triples": "1.1.0",
        "@next/polyfill-module": "14.1.3",
        "@next/polyfill-nomodule": "14.1.3",
        "@next/react-dev-overlay": "14.1.3",
        "@next/react-refresh-utils": "14.1.3",
        "@next/swc": "14.1.3",
        "@opentelemetry/api": "1.6.0",
        "@playwright/test": "^1.35.1",
        "@taskr/clear": "1.1.0",
        "@taskr/esnext": "1.1.0",
        "@types/amphtml-validator": "1.0.0",
        "@types/babel__code-frame": "7.0.2",
        "@types/babel__core": "7.1.12",
        "@types/babel__generator": "7.6.2",
        "@types/babel__template": "7.4.0",
        "@types/babel__traverse": "7.11.0",
        "@types/bytes": "3.1.1",
        "@types/ci-info": "2.0.0",
        "@types/compression": "0.0.36",
        "@types/content-disposition": "0.5.4",
        "@types/content-type": "1.1.3",
        "@types/cookie": "0.3.3",
        "@types/cross-spawn": "6.0.0",
        "@types/debug": "4.1.5",
        "@types/express-serve-static-core": "4.17.33",
        "@types/fresh": "0.5.0",
        "@types/glob": "7.1.1",
        "@types/graceful-fs": "4.1.9",
        "@types/jsonwebtoken": "9.0.0",
        "@types/lodash": "4.14.198",
        "@types/lodash.curry": "4.1.6",
        "@types/lru-cache": "5.1.0",
        "@types/micromatch": "4.0.2",
        "@types/path-to-regexp": "1.7.0",
        "@types/platform": "1.3.4",
        "@types/react": "18.2.37",
        "@types/react-dom": "18.2.15",
        "@types/react-is": "17.0.3",
        "@types/semver": "7.3.1",
        "@types/send": "0.14.4",
        "@types/shell-quote": "1.7.1",
        "@types/tar": "6.1.5",
        "@types/text-table": "0.2.1",
        "@types/ua-parser-js": "0.7.36",
        "@types/uuid": "8.3.1",
        "@types/webpack-sources1": "npm:@types/webpack-sources@0.1.5",
        "@types/ws": "8.2.0",
        "@vercel/ncc": "0.34.0",
        "@vercel/nft": "0.26.2",
        "@vercel/turbopack-ecmascript-runtime": "https://gitpkg-fork.vercel.sh/vercel/turbo/crates/turbopack-ecmascript-runtime/js?turbopack-240117.3",
        "acorn": "8.5.0",
        "amphtml-validator": "1.0.35",
        "anser": "1.4.9",
        "arg": "4.1.0",
        "assert": "2.0.0",
        "async-retry": "1.2.3",
        "async-sema": "3.0.0",
        "babel-plugin-transform-define": "2.0.0",
        "babel-plugin-transform-react-remove-prop-types": "0.4.24",
        "browserify-zlib": "0.2.0",
        "browserslist": "4.22.2",
        "buffer": "5.6.0",
        "bytes": "3.1.1",
        "ci-info": "watson/ci-info#f43f6a1cefff47fb361c88cf4b943fdbcaafe540",
        "cli-select": "1.1.2",
        "client-only": "0.0.1",
        "comment-json": "3.0.3",
        "compression": "1.7.4",
        "conf": "5.0.0",
        "constants-browserify": "1.0.0",
        "content-disposition": "0.5.3",
        "content-type": "1.0.4",
        "cookie": "0.4.1",
        "cross-spawn": "7.0.3",
        "crypto-browserify": "3.12.0",
        "css.escape": "1.5.1",
        "cssnano-preset-default": "5.2.14",
        "data-uri-to-buffer": "3.0.1",
        "debug": "4.1.1",
        "devalue": "2.0.1",
        "domain-browser": "4.19.0",
        "edge-runtime": "2.5.4",
        "events": "3.3.0",
        "find-up": "4.1.0",
        "fresh": "0.5.2",
        "get-orientation": "1.1.2",
        "glob": "7.1.7",
        "gzip-size": "5.1.1",
        "http-proxy": "1.18.1",
        "http-proxy-agent": "5.0.0",
        "https-browserify": "1.0.0",
        "https-proxy-agent": "5.0.1",
        "icss-utils": "5.1.0",
        "ignore-loader": "0.1.2",
        "image-size": "1.0.0",
        "is-docker": "2.0.0",
        "is-wsl": "2.2.0",
        "jest-worker": "27.5.1",
        "json5": "2.2.3",
        "jsonwebtoken": "9.0.0",
        "loader-runner": "4.3.0",
        "loader-utils2": "npm:loader-utils@2.0.0",
        "loader-utils3": "npm:loader-utils@3.1.3",
        "lodash.curry": "4.1.1",
        "lru-cache": "5.1.1",
        "micromatch": "4.0.4",
        "mini-css-extract-plugin": "2.4.3",
        "msw": "1.3.0",
        "nanoid": "3.1.32",
        "native-url": "0.3.4",
        "neo-async": "2.6.1",
        "node-html-parser": "5.3.3",
        "ora": "4.0.4",
        "os-browserify": "0.3.0",
        "p-limit": "3.1.0",
        "path-browserify": "1.0.1",
        "path-to-regexp": "6.1.0",
        "platform": "1.3.6",
        "postcss-flexbugs-fixes": "5.0.2",
        "postcss-modules-extract-imports": "3.0.0",
        "postcss-modules-local-by-default": "4.0.0",
        "postcss-modules-scope": "3.0.0",
        "postcss-modules-values": "4.0.0",
        "postcss-preset-env": "7.4.3",
        "postcss-safe-parser": "6.0.0",
        "postcss-scss": "4.0.3",
        "postcss-value-parser": "4.2.0",
        "process": "0.11.10",
        "punycode": "2.1.1",
        "querystring-es3": "0.2.1",
        "raw-body": "2.4.1",
        "react-is": "18.2.0",
        "react-refresh": "0.12.0",
        "regenerator-runtime": "0.13.4",
        "sass-loader": "12.4.0",
        "schema-utils2": "npm:schema-utils@2.7.1",
        "schema-utils3": "npm:schema-utils@3.0.0",
        "semver": "7.3.2",
        "send": "0.17.1",
        "server-only": "0.0.1",
        "setimmediate": "1.0.5",
        "shell-quote": "1.7.3",
        "source-map": "0.6.1",
        "stacktrace-parser": "0.1.10",
        "stream-browserify": "3.0.0",
        "stream-http": "3.1.1",
        "strict-event-emitter": "0.5.0",
        "string_decoder": "1.3.0",
        "string-hash": "1.1.3",
        "strip-ansi": "6.0.0",
        "superstruct": "1.0.3",
        "tar": "6.1.15",
        "taskr": "1.1.0",
        "terser": "5.14.1",
        "terser-webpack-plugin": "5.3.9",
        "text-table": "0.2.0",
        "timers-browserify": "2.0.12",
        "tty-browserify": "0.0.1",
        "ua-parser-js": "1.0.35",
        "unistore": "3.4.1",
        "util": "0.12.4",
        "uuid": "8.3.2",
        "vm-browserify": "1.1.2",
        "watchpack": "2.4.0",
        "web-vitals": "3.0.0",
        "webpack": "5.86.0",
        "webpack-sources1": "npm:webpack-sources@1.4.3",
        "webpack-sources3": "npm:webpack-sources@3.2.3",
        "ws": "8.2.3",
        "zod": "3.22.3"
      },
      "engines": {
        "node": ">=18.17.0"
      },
      "optionalDependencies": {
        "@next/swc-darwin-arm64": "14.1.3",
        "@next/swc-darwin-x64": "14.1.3",
        "@next/swc-linux-arm64-gnu": "14.1.3",
        "@next/swc-linux-arm64-musl": "14.1.3",
        "@next/swc-linux-x64-gnu": "14.1.3",
        "@next/swc-linux-x64-musl": "14.1.3",
        "@next/swc-win32-arm64-msvc": "14.1.3",
        "@next/swc-win32-ia32-msvc": "14.1.3",
        "@next/swc-win32-x64-msvc": "14.1.3"
      },
      "peerDependencies": {
        "@opentelemetry/api": "^1.1.0",
        "react": "^18.2.0",
        "react-dom": "^18.2.0",
        "sass": "^1.3.0"
      },
      "peerDependenciesMeta": {
        "@opentelemetry/api": {
          "optional": true
        },
        "sass": {
          "optional": true
        }
      }
    },
    "../../node_modules/.pnpm/react@18.2.0/node_modules/react": {
      "version": "18.2.0",
      "license": "MIT",
      "dependencies": {
        "loose-envify": "^1.1.0"
      },
      "engines": {
        "node": ">=0.10.0"
      }
    },
    "node_modules/@babel/runtime": {
      "version": "7.24.0",
      "resolved": "https://domoreexp.pkgs.visualstudio.com/_packaging/npm-mirror/npm/registry/@babel/runtime/-/runtime-7.24.0.tgz",
      "integrity": "sha1-WExFAGP/2llpcCFDDLRxAbCFlR4=",
      "dependencies": {
        "regenerator-runtime": "^0.14.0"
      },
      "engines": {
        "node": ">=6.9.0"
      }
    },
    "node_modules/@emotion/hash": {
      "version": "0.9.1",
      "resolved": "https://domoreexp.pkgs.visualstudio.com/_packaging/npm-mirror/npm/registry/@emotion/hash/-/hash-0.9.1.tgz",
      "integrity": "sha1-T/sAVffvZ268OlqR+2ITkylOL0M="
    },
    "node_modules/@fluentui/react-components": {
      "resolved": "../../node_modules/.pnpm/@fluentui+react-components@9.46.8_@types+react-dom@18.2.21_@types+react@18.2.64_react-dom@18._j3emuk7o6goembgsx43eybimge/node_modules/@fluentui/react-components",
      "link": true
    },
    "node_modules/@fluentui/react-icons": {
      "version": "2.0.232",
      "resolved": "https://domoreexp.pkgs.visualstudio.com/_packaging/npm-mirror/npm/registry/@fluentui/react-icons/-/react-icons-2.0.232.tgz",
      "integrity": "sha1-sEmeT95Cf23G7uirLQ1mg+VVoqU=",
      "dependencies": {
        "@griffel/react": "^1.0.0",
        "tslib": "^2.1.0"
      },
      "peerDependencies": {
        "react": ">=16.8.0 <19.0.0"
      }
    },
    "node_modules/@griffel/core": {
      "version": "1.15.2",
      "resolved": "https://domoreexp.pkgs.visualstudio.com/_packaging/npm-mirror/npm/registry/@griffel/core/-/core-1.15.2.tgz",
      "integrity": "sha1-jwODqu1ZGYDTJ9OERLljGmP31Jk=",
      "dependencies": {
        "@emotion/hash": "^0.9.0",
        "@griffel/style-types": "^1.0.3",
        "csstype": "^3.1.3",
        "rtl-css-js": "^1.16.1",
        "stylis": "^4.2.0",
        "tslib": "^2.1.0"
      }
    },
    "node_modules/@griffel/react": {
      "version": "1.5.20",
      "resolved": "https://domoreexp.pkgs.visualstudio.com/_packaging/npm-mirror/npm/registry/@griffel/react/-/react-1.5.20.tgz",
      "integrity": "sha1-Wtz24Vm0RVsBrVvcpOdCBESaxJY=",
      "dependencies": {
        "@griffel/core": "^1.15.2",
        "tslib": "^2.1.0"
      },
      "peerDependencies": {
        "react": ">=16.8.0 <19.0.0"
      }
    },
    "node_modules/@griffel/style-types": {
      "version": "1.0.3",
      "resolved": "https://domoreexp.pkgs.visualstudio.com/_packaging/npm-mirror/npm/registry/@griffel/style-types/-/style-types-1.0.3.tgz",
      "integrity": "sha1-6KoOwWKgTtM/zJRwIf5ZLQ9OGF0=",
      "dependencies": {
        "csstype": "^3.1.3"
      }
    },
    "node_modules/@types/react": {
      "resolved": "../../node_modules/.pnpm/@types+react@18.2.64/node_modules/@types/react",
      "link": true
    },
    "node_modules/csstype": {
      "version": "3.1.3",
      "resolved": "https://domoreexp.pkgs.visualstudio.com/_packaging/npm-mirror/npm/registry/csstype/-/csstype-3.1.3.tgz",
      "integrity": "sha1-2A/ylNEU+w5qxQD7+FtgE31+/4E="
    },
    "node_modules/next": {
      "resolved": "../../node_modules/.pnpm/next@14.1.3_@babel+core@7.24.0_react-dom@18.2.0_react@18.2.0/node_modules/next",
      "link": true
    },
    "node_modules/next-auth": {
      "resolved": "../../node_modules/.pnpm/next-auth@4.24.7_next@14.1.3_react-dom@18.2.0_react@18.2.0/node_modules/next-auth",
      "link": true
    },
    "node_modules/react": {
      "resolved": "../../node_modules/.pnpm/react@18.2.0/node_modules/react",
      "link": true
    },
    "node_modules/regenerator-runtime": {
      "version": "0.14.1",
      "resolved": "https://domoreexp.pkgs.visualstudio.com/_packaging/npm-mirror/npm/registry/regenerator-runtime/-/regenerator-runtime-0.14.1.tgz",
      "integrity": "sha1-NWreECY/aF3aElEAzYYsHbiVMn8="
    },
    "node_modules/rtl-css-js": {
      "version": "1.16.1",
      "resolved": "https://domoreexp.pkgs.visualstudio.com/_packaging/npm-mirror/npm/registry/rtl-css-js/-/rtl-css-js-1.16.1.tgz",
      "integrity": "sha1-S0i0NUsP+RejBIjZUQD79yGaPoA=",
      "dependencies": {
        "@babel/runtime": "^7.1.2"
      }
    },
    "node_modules/stylis": {
      "version": "4.3.1",
      "resolved": "https://domoreexp.pkgs.visualstudio.com/_packaging/npm-mirror/npm/registry/stylis/-/stylis-4.3.1.tgz",
      "integrity": "sha1-7Yqev592/h4S1GL1zDxMmAsjp+s="
    },
    "node_modules/tslib": {
      "version": "2.6.2",
      "resolved": "https://domoreexp.pkgs.visualstudio.com/_packaging/npm-mirror/npm/registry/tslib/-/tslib-2.6.2.tgz",
      "integrity": "sha1-cDrClCXns3zW/UVukkBNRtHz5K4="
    }
  }
}
